hash: e8ded73f86330e01836be7da398b1eebabed70230dd70269c440cdbaf2eef5c4
updated: 2016-03-26T15:00:22.922643645+03:00
imports:
- name: github.com/armon/go-socks5
  version: b34cad17d2fdbb038116de97a36d76995393b87a
- name: github.com/kelseyhightower/envconfig
  version: cea086319492c3940683ea5e122aa5de70a33923
- name: golang.org/x/crypto
  version: c197bcf24cde29d3f73c7b4ac6fd41f4384e8af6
  subpackages:
  - curve25519
  - ssh
  - ssh/agent
- name: golang.org/x/net
  version: 1600a4cd699d70009ec28edfd69d3568f6bd757d
  subpackages:
  - context
devImports: []
